
Microsoft Visual Studio Solution File, Format Version 12.00
# Visual Studio Version 17
VisualStudioVersion = 17.8.34511.84
MinimumVisualStudioVersion = 10.0.40219.1
Project("{FAE04EC0-301F-11D3-BF4B-00C04F79EFBC}") = "HerancaDeClasses", "HerancaDeClasses.csproj", "{62DC0A9D-9F48-430C-A936-CA6887403743}"
EndProject
Global
	GlobalSection(SolutionConfigurationPlatforms) = preSolution
		Debug|Any CPU = Debug|Any CPU
		Release|Any CPU = Release|Any CPU
	EndGlobalSection
	GlobalSection(ProjectConfigurationPlatforms) = postSolution
		{62DC0A9D-9F48-430C-A936-CA6887403743}.Debug|Any CPU.ActiveCfg = Debug|Any CPU
		{62DC0A9D-9F48-430C-A936-CA6887403743}.Debug|Any CPU.Build.0 = Debug|Any CPU
		{62DC0A9D-9F48-430C-A936-CA6887403743}.Release|Any CPU.ActiveCfg = Release|Any CPU
		{62DC0A9D-9F48-430C-A936-CA6887403743}.Release|Any CPU.Build.0 = Release|Any CPU
	EndGlobalSection
	GlobalSection(SolutionProperties) = preSolution
		HideSolutionNode = FALSE
	EndGlobalSection
	GlobalSection(ExtensibilityGlobals) = postSolution
		SolutionGuid = {7062ADCD-2793-4CCF-9EBE-F3F82FDCDAF9}
	EndGlobalSection
EndGlobal
