
Microsoft Visual Studio Solution File, Format Version 12.00
# Visual Studio Version 17
VisualStudioVersion = 17.8.34525.116
MinimumVisualStudioVersion = 10.0.40219.1
Project("{FAE04EC0-301F-11D3-BF4B-00C04F79EFBC}") = "PrimeiroProjeto", "PrimeiroProjeto\PrimeiroProjeto.csproj", "{62B43504-4863-42F5-83E1-D97EC27F2F49}"
EndProject
Global
	GlobalSection(SolutionConfigurationPlatforms) = preSolution
		Debug|Any CPU = Debug|Any CPU
		Release|Any CPU = Release|Any CPU
	EndGlobalSection
	GlobalSection(ProjectConfigurationPlatforms) = postSolution
		{62B43504-4863-42F5-83E1-D97EC27F2F49}.Debug|Any CPU.ActiveCfg = Debug|Any CPU
		{62B43504-4863-42F5-83E1-D97EC27F2F49}.Debug|Any CPU.Build.0 = Debug|Any CPU
		{62B43504-4863-42F5-83E1-D97EC27F2F49}.Release|Any CPU.ActiveCfg = Release|Any CPU
		{62B43504-4863-42F5-83E1-D97EC27F2F49}.Release|Any CPU.Build.0 = Release|Any CPU
	EndGlobalSection
	GlobalSection(SolutionProperties) = preSolution
		HideSolutionNode = FALSE
	EndGlobalSection
	GlobalSection(ExtensibilityGlobals) = postSolution
		SolutionGuid = {96350CCA-2F17-4EE4-8402-FBEA3C04C844}
	EndGlobalSection
EndGlobal
